// !$*UTF8*$!
{
	archiveVersion = 1;
	classes = {
	};
	objectVersion = 56;
	objects = {

/* Begin PBXBuildFile section */
		B6C37DB82A314106004D18A8 /* AnimationApp.swift in Sources */ = {isa = PBXBuildFile; fileRef = B6C37DB72A314106004D18A8 /* AnimationApp.swift */; };
		B6C37DBA2A314106004D18A8 /* ContentView.swift in Sources */ = {isa = PBXBuildFile; fileRef = B6C37DB92A314106004D18A8 /* ContentView.swift */; };
		B6C37DBC2A314106004D18A8 /* Assets.xcassets in Resources */ = {isa = PBXBuildFile; fileRef = B6C37DBB2A314106004D18A8 /* Assets.xcassets */; };
		B6C37DBF2A314106004D18A8 /* Preview Assets.xcassets in Resources */ = {isa = PBXBuildFile; fileRef = B6C37DBE2A314106004D18A8 /* Preview Assets.xcassets */; };
		B6C37DC92A314107004D18A8 /* AnimationTests.swift in Sources */ = {isa = PBXBuildFile; fileRef = B6C37DC82A314107004D18A8 /* AnimationTests.swift */; };
		B6C37DD32A314107004D18A8 /* AnimationUITests.swift in Sources */ = {isa = PBXBuildFile; fileRef = B6C37DD22A314107004D18A8 /* AnimationUITests.swift */; };
		B6C37DD52A314107004D18A8 /* AnimationUITestsLaunchTests.swift in Sources */ = {isa = PBXBuildFile; fileRef = B6C37DD42A314107004D18A8 /* AnimationUITestsLaunchTests.swift */; };
		B6C37DE22A314322004D18A8 /* FRAMES-E0001.json in Resources */ = {isa = PBXBuildFile; fileRef = B6C37DE12A314322004D18A8 /* FRAMES-E0001.json */; };
		B6C37DE42A31435E004D18A8 /* IMG-E0001.png in Resources */ = {isa = PBXBuildFile; fileRef = B6C37DE32A31435E004D18A8 /* IMG-E0001.png */; };
		B6C37DE62A3143A6004D18A8 /* ImageManager.swift in Sources */ = {isa = PBXBuildFile; fileRef = B6C37DE52A3143A6004D18A8 /* ImageManager.swift */; };
		B6C37DE92A3144C6004D18A8 /* SwiftyJSON in Frameworks */ = {isa = PBXBuildFile; productRef = B6C37DE82A3144C6004D18A8 /* SwiftyJSON */; };
		B6C37DEB2A314AC9004D18A8 /* Performance.swift in Sources */ = {isa = PBXBuildFile; fileRef = B6C37DEA2A314AC9004D18A8 /* Performance.swift */; };
		B6C37DED2A3258DA004D18A8 /* AnimationManager.swift in Sources */ = {isa = PBXBuildFile; fileRef = B6C37DEC2A3258DA004D18A8 /* AnimationManager.swift */; };
		B6C37DEF2A325925004D18A8 /* AnimationSequence.swift in Sources */ = {isa = PBXBuildFile; fileRef = B6C37DEE2A325925004D18A8 /* AnimationSequence.swift */; };
		B6C37DF12A326B65004D18A8 /* Timer.swift in Sources */ = {isa = PBXBuildFile; fileRef = B6C37DF02A326B65004D18A8 /* Timer.swift */; };
		B6C37DF32A32A389004D18A8 /* AnimationQueue.swift in Sources */ = {isa = PBXBuildFile; fileRef = B6C37DF22A32A389004D18A8 /* AnimationQueue.swift */; };
/* End PBXBuildFile section */

/* Begin PBXContainerItemProxy section */
		B6C37DC52A314107004D18A8 /* PBXContainerItemProxy */ = {
			isa = PBXContainerItemProxy;
			containerPortal = B6C37DAC2A314106004D18A8 /* Project object */;
			proxyType = 1;
			remoteGlobalIDString = B6C37DB32A314106004D18A8;
			remoteInfo = Animation;
		};
		B6C37DCF2A314107004D18A8 /* PBXContainerItemProxy */ = {
			isa = PBXContainerItemProxy;
			containerPortal = B6C37DAC2A314106004D18A8 /* Project object */;
			proxyType = 1;
			remoteGlobalIDString = B6C37DB32A314106004D18A8;
			remoteInfo = Animation;
		};
/* End PBXContainerItemProxy section */

/* Begin PBXFileReference section */
		B6C37DB42A314106004D18A8 /* Animation.app */ = {isa = PBXFileReference; explicitFileType = wrapper.application; includeInIndex = 0; path = Animation.app; sourceTree = BUILT_PRODUCTS_DIR; };
		B6C37DB72A314106004D18A8 /* AnimationApp.swift */ = {isa = PBXFileReference; lastKnownFileType = sourcecode.swift; path = AnimationApp.swift; sourceTree = "<group>"; };
		B6C37DB92A314106004D18A8 /* ContentView.swift */ = {isa = PBXFileReference; lastKnownFileType = sourcecode.swift; path = ContentView.swift; sourceTree = "<group>"; };
		B6C37DBB2A314106004D18A8 /* Assets.xcassets */ = {isa = PBXFileReference; lastKnownFileType = folder.assetcatalog; path = Assets.xcassets; sourceTree = "<group>"; };
		B6C37DBE2A314106004D18A8 /* Preview Assets.xcassets */ = {isa = PBXFileReference; lastKnownFileType = folder.assetcatalog; path = "Preview Assets.xcassets"; sourceTree = "<group>"; };
		B6C37DC42A314107004D18A8 /* AnimationTests.xctest */ = {isa = PBXFileReference; explicitFileType = wrapper.cfbundle; includeInIndex = 0; path = AnimationTests.xctest; sourceTree = BUILT_PRODUCTS_DIR; };
		B6C37DC82A314107004D18A8 /* AnimationTests.swift */ = {isa = PBXFileReference; lastKnownFileType = sourcecode.swift; path = AnimationTests.swift; sourceTree = "<group>"; };
		B6C37DCE2A314107004D18A8 /* AnimationUITests.xctest */ = {isa = PBXFileReference; explicitFileType = wrapper.cfbundle; includeInIndex = 0; path = AnimationUITests.xctest; sourceTree = BUILT_PRODUCTS_DIR; };
		B6C37DD22A314107004D18A8 /* AnimationUITests.swift */ = {isa = PBXFileReference; lastKnownFileType = sourcecode.swift; path = AnimationUITests.swift; sourceTree = "<group>"; };
		B6C37DD42A314107004D18A8 /* AnimationUITestsLaunchTests.swift */ = {isa = PBXFileReference; lastKnownFileType = sourcecode.swift; path = AnimationUITestsLaunchTests.swift; sourceTree = "<group>"; };
		B6C37DE12A314322004D18A8 /* FRAMES-E0001.json */ = {isa = PBXFileReference; fileEncoding = 4; lastKnownFileType = text.json; name = "FRAMES-E0001.json"; path = "../../phase5/enemy_pngdata/FRAMES-E0001.json"; sourceTree = "<group>"; };
		B6C37DE32A31435E004D18A8 /* IMG-E0001.png */ = {isa = PBXFileReference; lastKnownFileType = image.png; name = "IMG-E0001.png"; path = "../../phase5/enemy_pngs/IMG-E0001.png"; sourceTree = "<group>"; };
		B6C37DE52A3143A6004D18A8 /* ImageManager.swift */ = {isa = PBXFileReference; lastKnownFileType = sourcecode.swift; path = ImageManager.swift; sourceTree = "<group>"; };
		B6C37DEA2A314AC9004D18A8 /* Performance.swift */ = {isa = PBXFileReference; lastKnownFileType = sourcecode.swift; path = Performance.swift; sourceTree = "<group>"; };
		B6C37DEC2A3258DA004D18A8 /* AnimationManager.swift */ = {isa = PBXFileReference; lastKnownFileType = sourcecode.swift; path = AnimationManager.swift; sourceTree = "<group>"; };
		B6C37DEE2A325925004D18A8 /* AnimationSequence.swift */ = {isa = PBXFileReference; lastKnownFileType = sourcecode.swift; path = AnimationSequence.swift; sourceTree = "<group>"; };
		B6C37DF02A326B65004D18A8 /* Timer.swift */ = {isa = PBXFileReference; lastKnownFileType = sourcecode.swift; path = Timer.swift; sourceTree = "<group>"; };
		B6C37DF22A32A389004D18A8 /* AnimationQueue.swift */ = {isa = PBXFileReference; lastKnownFileType = sourcecode.swift; path = AnimationQueue.swift; sourceTree = "<group>"; };
/* End PBXFileReference section */

/* Begin PBXFrameworksBuildPhase section */
		B6C37DB12A314106004D18A8 /* Frameworks */ = {
			isa = PBXFrameworksBuildPhase;
			buildActionMask = 2147483647;
			files = (
				B6C37DE92A3144C6004D18A8 /* SwiftyJSON in Frameworks */,
			);
			runOnlyForDeploymentPostprocessing = 0;
		};
		B6C37DC12A314107004D18A8 /* Frameworks */ = {
			isa = PBXFrameworksBuildPhase;
			buildActionMask = 2147483647;
			files = (
			);
			runOnlyForDeploymentPostprocessing = 0;
		};
		B6C37DCB2A314107004D18A8 /* Frameworks */ = {
			isa = PBXFrameworksBuildPhase;
			buildActionMask = 2147483647;
			files = (
			);
			runOnlyForDeploymentPostprocessing = 0;
		};
/* End PBXFrameworksBuildPhase section */

/* Begin PBXGroup section */
		B6C37DAB2A314106004D18A8 = {
			isa = PBXGroup;
			children = (
				B6C37DB62A314106004D18A8 /* Animation */,
				B6C37DC72A314107004D18A8 /* AnimationTests */,
				B6C37DD12A314107004D18A8 /* AnimationUITests */,
				B6C37DB52A314106004D18A8 /* Products */,
			);
			sourceTree = "<group>";
		};
		B6C37DB52A314106004D18A8 /* Products */ = {
			isa = PBXGroup;
			children = (
				B6C37DB42A314106004D18A8 /* Animation.app */,
				B6C37DC42A314107004D18A8 /* AnimationTests.xctest */,
				B6C37DCE2A314107004D18A8 /* AnimationUITests.xctest */,
			);
			name = Products;
			sourceTree = "<group>";
		};
		B6C37DB62A314106004D18A8 /* Animation */ = {
			isa = PBXGroup;
			children = (
				B6C37DB72A314106004D18A8 /* AnimationApp.swift */,
				B6C37DB92A314106004D18A8 /* ContentView.swift */,
				B6C37DE12A314322004D18A8 /* FRAMES-E0001.json */,
				B6C37DE32A31435E004D18A8 /* IMG-E0001.png */,
				B6C37DBB2A314106004D18A8 /* Assets.xcassets */,
				B6C37DBD2A314106004D18A8 /* Preview Content */,
				B6C37DE52A3143A6004D18A8 /* ImageManager.swift */,
				B6C37DEA2A314AC9004D18A8 /* Performance.swift */,
				B6C37DEC2A3258DA004D18A8 /* AnimationManager.swift */,
				B6C37DEE2A325925004D18A8 /* AnimationSequence.swift */,
				B6C37DF02A326B65004D18A8 /* Timer.swift */,
				B6C37DF22A32A389004D18A8 /* AnimationQueue.swift */,
			);
			path = Animation;
			sourceTree = "<group>";
		};
		B6C37DBD2A314106004D18A8 /* Preview Content */ = {
			isa = PBXGroup;
			children = (
				B6C37DBE2A314106004D18A8 /* Preview Assets.xcassets */,
			);
			path = "Preview Content";
			sourceTree = "<group>";
		};
		B6C37DC72A314107004D18A8 /* AnimationTests */ = {
			isa = PBXGroup;
			children = (
				B6C37DC82A314107004D18A8 /* AnimationTests.swift */,
			);
			path = AnimationTests;
			sourceTree = "<group>";
		};
		B6C37DD12A314107004D18A8 /* AnimationUITests */ = {
			isa = PBXGroup;
			children = (
				B6C37DD22A314107004D18A8 /* AnimationUITests.swift */,
				B6C37DD42A314107004D18A8 /* AnimationUITestsLaunchTests.swift */,
			);
			path = AnimationUITests;
			sourceTree = "<group>";
		};
/* End PBXGroup section */

/* Begin PBXNativeTarget section */
		B6C37DB32A314106004D18A8 /* Animation */ = {
			isa = PBXNativeTarget;
			buildConfigurationList = B6C37DD82A314107004D18A8 /* Build configuration list for PBXNativeTarget "Animation" */;
			buildPhases = (
				B6C37DB02A314106004D18A8 /* Sources */,
				B6C37DB12A314106004D18A8 /* Frameworks */,
				B6C37DB22A314106004D18A8 /* Resources */,
			);
			buildRules = (
			);
			dependencies = (
			);
			name = Animation;
			packageProductDependencies = (
				B6C37DE82A3144C6004D18A8 /* SwiftyJSON */,
			);
			productName = Animation;
			productReference = B6C37DB42A314106004D18A8 /* Animation.app */;
			productType = "com.apple.product-type.application";
		};
		B6C37DC32A314107004D18A8 /* AnimationTests */ = {
			isa = PBXNativeTarget;
			buildConfigurationList = B6C37DDB2A314107004D18A8 /* Build configuration list for PBXNativeTarget "AnimationTests" */;
			buildPhases = (
				B6C37DC02A314107004D18A8 /* Sources */,
				B6C37DC12A314107004D18A8 /* Frameworks */,
				B6C37DC22A314107004D18A8 /* Resources */,
			);
			buildRules = (
			);
			dependencies = (
				B6C37DC62A314107004D18A8 /* PBXTargetDependency */,
			);
			name = AnimationTests;
			productName = AnimationTests;
			productReference = B6C37DC42A314107004D18A8 /* AnimationTests.xctest */;
			productType = "com.apple.product-type.bundle.unit-test";
		};
		B6C37DCD2A314107004D18A8 /* AnimationUITests */ = {
			isa = PBXNativeTarget;
			buildConfigurationList = B6C37DDE2A314107004D18A8 /* Build configuration list for PBXNativeTarget "AnimationUITests" */;
			buildPhases = (
				B6C37DCA2A314107004D18A8 /* Sources */,
				B6C37DCB2A314107004D18A8 /* Frameworks */,
				B6C37DCC2A314107004D18A8 /* Resources */,
			);
			buildRules = (
			);
			dependencies = (
				B6C37DD02A314107004D18A8 /* PBXTargetDependency */,
			);
			name = AnimationUITests;
			productName = AnimationUITests;
			productReference = B6C37DCE2A314107004D18A8 /* AnimationUITests.xctest */;
			productType = "com.apple.product-type.bundle.ui-testing";
		};
/* End PBXNativeTarget section */

/* Begin PBXProject section */
		B6C37DAC2A314106004D18A8 /* Project object */ = {
			isa = PBXProject;
			attributes = {
				BuildIndependentTargetsInParallel = 1;
				LastSwiftUpdateCheck = 1430;
				LastUpgradeCheck = 1430;
				TargetAttributes = {
					B6C37DB32A314106004D18A8 = {
						CreatedOnToolsVersion = 14.3;
					};
					B6C37DC32A314107004D18A8 = {
						CreatedOnToolsVersion = 14.3;
						TestTargetID = B6C37DB32A314106004D18A8;
					};
					B6C37DCD2A314107004D18A8 = {
						CreatedOnToolsVersion = 14.3;
						TestTargetID = B6C37DB32A314106004D18A8;
					};
				};
			};
			buildConfigurationList = B6C37DAF2A314106004D18A8 /* Build configuration list for PBXProject "Animation" */;
			compatibilityVersion = "Xcode 14.0";
			developmentRegion = en;
			hasScannedForEncodings = 0;
			knownRegions = (
				en,
				Base,
			);
			mainGroup = B6C37DAB2A314106004D18A8;
			packageReferences = (
				B6C37DE72A3144C6004D18A8 /* XCRemoteSwiftPackageReference "SwiftyJSON" */,
			);
			productRefGroup = B6C37DB52A314106004D18A8 /* Products */;
			projectDirPath = "";
			projectRoot = "";
			targets = (
				B6C37DB32A314106004D18A8 /* Animation */,
				B6C37DC32A314107004D18A8 /* AnimationTests */,
				B6C37DCD2A314107004D18A8 /* AnimationUITests */,
			);
		};
/* End PBXProject section */

/* Begin PBXResourcesBuildPhase section */
		B6C37DB22A314106004D18A8 /* Resources */ = {
			isa = PBXResourcesBuildPhase;
			buildActionMask = 2147483647;
			files = (
				B6C37DE42A31435E004D18A8 /* IMG-E0001.png in Resources */,
				B6C37DE22A314322004D18A8 /* FRAMES-E0001.json in Resources */,
				B6C37DBF2A314106004D18A8 /* Preview Assets.xcassets in Resources */,
				B6C37DBC2A314106004D18A8 /* Assets.xcassets in Resources */,
			);
			runOnlyForDeploymentPostprocessing = 0;
		};
		B6C37DC22A314107004D18A8 /* Resources */ = {
			isa = PBXResourcesBuildPhase;
			buildActionMask = 2147483647;
			files = (
			);
			runOnlyForDeploymentPostprocessing = 0;
		};
		B6C37DCC2A314107004D18A8 /* Resources */ = {
			isa = PBXResourcesBuildPhase;
			buildActionMask = 2147483647;
			files = (
			);
			runOnlyForDeploymentPostprocessing = 0;
		};
/* End PBXResourcesBuildPhase section */

/* Begin PBXSourcesBuildPhase section */
		B6C37DB02A314106004D18A8 /* Sources */ = {
			isa = PBXSourcesBuildPhase;
			buildActionMask = 2147483647;
			files = (
				B6C37DE62A3143A6004D18A8 /* ImageManager.swift in Sources */,
				B6C37DBA2A314106004D18A8 /* ContentView.swift in Sources */,
				B6C37DF12A326B65004D18A8 /* Timer.swift in Sources */,
				B6C37DEB2A314AC9004D18A8 /* Performance.swift in Sources */,
				B6C37DF32A32A389004D18A8 /* AnimationQueue.swift in Sources */,
				B6C37DEF2A325925004D18A8 /* AnimationSequence.swift in Sources */,
				B6C37DB82A314106004D18A8 /* AnimationApp.swift in Sources */,
				B6C37DED2A3258DA004D18A8 /* AnimationManager.swift in Sources */,
			);
			runOnlyForDeploymentPostprocessing = 0;
		};
		B6C37DC02A314107004D18A8 /* Sources */ = {
			isa = PBXSourcesBuildPhase;
			buildActionMask = 2147483647;
			files = (
				B6C37DC92A314107004D18A8 /* AnimationTests.swift in Sources */,
			);
			runOnlyForDeploymentPostprocessing = 0;
		};
		B6C37DCA2A314107004D18A8 /* Sources */ = {
			isa = PBXSourcesBuildPhase;
			buildActionMask = 2147483647;
			files = (
				B6C37DD32A314107004D18A8 /* AnimationUITests.swift in Sources */,
				B6C37DD52A314107004D18A8 /* AnimationUITestsLaunchTests.swift in Sources */,
			);
			runOnlyForDeploymentPostprocessing = 0;
		};
/* End PBXSourcesBuildPhase section */

/* Begin PBXTargetDependency section */
		B6C37DC62A314107004D18A8 /* PBXTargetDependency */ = {
			isa = PBXTargetDependency;
			target = B6C37DB32A314106004D18A8 /* Animation */;
			targetProxy = B6C37DC52A314107004D18A8 /* PBXContainerItemProxy */;
		};
		B6C37DD02A314107004D18A8 /* PBXTargetDependency */ = {
			isa = PBXTargetDependency;
			target = B6C37DB32A314106004D18A8 /* Animation */;
			targetProxy = B6C37DCF2A314107004D18A8 /* PBXContainerItemProxy */;
		};
/* End PBXTargetDependency section */

/* Begin XCBuildConfiguration section */
		B6C37DD62A314107004D18A8 /* Debug */ = {
			isa = XCBuildConfiguration;
			buildSettings = {
				ALWAYS_SEARCH_USER_PATHS = NO;
				CLANG_ANALYZER_NONNULL = YES;
				CLANG_ANALYZER_NUMBER_OBJECT_CONVERSION = YES_AGGRESSIVE;
				CLANG_CXX_LANGUAGE_STANDARD = "gnu++20";
				CLANG_ENABLE_MODULES = YES;
				CLANG_ENABLE_OBJC_ARC = YES;
				CLANG_ENABLE_OBJC_WEAK = YES;
				CLANG_WARN_BLOCK_CAPTURE_AUTORELEASING = YES;
				CLANG_WARN_BOOL_CONVERSION = YES;
				CLANG_WARN_COMMA = YES;
				CLANG_WARN_CONSTANT_CONVERSION = YES;
				CLANG_WARN_DEPRECATED_OBJC_IMPLEMENTATIONS = YES;
				CLANG_WARN_DIRECT_OBJC_ISA_USAGE = YES_ERROR;
				CLANG_WARN_DOCUMENTATION_COMMENTS = YES;
				CLANG_WARN_EMPTY_BODY = YES;
				CLANG_WARN_ENUM_CONVERSION = YES;
				CLANG_WARN_INFINITE_RECURSION = YES;
				CLANG_WARN_INT_CONVERSION = YES;
				CLANG_WARN_NON_LITERAL_NULL_CONVERSION = YES;
				CLANG_WARN_OBJC_IMPLICIT_RETAIN_SELF = YES;
				CLANG_WARN_OBJC_LITERAL_CONVERSION = YES;
				CLANG_WARN_OBJC_ROOT_CLASS = YES_ERROR;
				CLANG_WARN_QUOTED_INCLUDE_IN_FRAMEWORK_HEADER = YES;
				CLANG_WARN_RANGE_LOOP_ANALYSIS = YES;
				CLANG_WARN_STRICT_PROTOTYPES = YES;
				CLANG_WARN_SUSPICIOUS_MOVE = YES;
				CLANG_WARN_UNGUARDED_AVAILABILITY = YES_AGGRESSIVE;
				CLANG_WARN_UNREACHABLE_CODE = YES;
				CLANG_WARN__DUPLICATE_METHOD_MATCH = YES;
				COPY_PHASE_STRIP = NO;
				DEBUG_INFORMATION_FORMAT = dwarf;
				ENABLE_STRICT_OBJC_MSGSEND = YES;
				ENABLE_TESTABILITY = YES;
				GCC_C_LANGUAGE_STANDARD = gnu11;
				GCC_DYNAMIC_NO_PIC = NO;
				GCC_NO_COMMON_BLOCKS = YES;
				GCC_OPTIMIZATION_LEVEL = 0;
				GCC_PREPROCESSOR_DEFINITIONS = (
					"DEBUG=1",
					"$(inherited)",
				);
				GCC_WARN_64_TO_32_BIT_CONVERSION = YES;
				GCC_WARN_ABOUT_RETURN_TYPE = YES_ERROR;
				GCC_WARN_UNDECLARED_SELECTOR = YES;
				GCC_WARN_UNINITIALIZED_AUTOS = YES_AGGRESSIVE;
				GCC_WARN_UNUSED_FUNCTION = YES;
				GCC_WARN_UNUSED_VARIABLE = YES;
				IPHONEOS_DEPLOYMENT_TARGET = 16.4;
				MTL_ENABLE_DEBUG_INFO = INCLUDE_SOURCE;
				MTL_FAST_MATH = YES;
				ONLY_ACTIVE_ARCH = YES;
				SDKROOT = iphoneos;
				SWIFT_ACTIVE_COMPILATION_CONDITIONS = DEBUG;
				SWIFT_OPTIMIZATION_LEVEL = "-Onone";
			};
			name = Debug;
		};
		B6C37DD72A314107004D18A8 /* Release */ = {
			isa = XCBuildConfiguration;
			buildSettings = {
				ALWAYS_SEARCH_USER_PATHS = NO;
				CLANG_ANALYZER_NONNULL = YES;
				CLANG_ANALYZER_NUMBER_OBJECT_CONVERSION = YES_AGGRESSIVE;
				CLANG_CXX_LANGUAGE_STANDARD = "gnu++20";
				CLANG_ENABLE_MODULES = YES;
				CLANG_ENABLE_OBJC_ARC = YES;
				CLANG_ENABLE_OBJC_WEAK = YES;
				CLANG_WARN_BLOCK_CAPTURE_AUTORELEASING = YES;
				CLANG_WARN_BOOL_CONVERSION = YES;
				CLANG_WARN_COMMA = YES;
				CLANG_WARN_CONSTANT_CONVERSION = YES;
				CLANG_WARN_DEPRECATED_OBJC_IMPLEMENTATIONS = YES;
				CLANG_WARN_DIRECT_OBJC_ISA_USAGE = YES_ERROR;
				CLANG_WARN_DOCUMENTATION_COMMENTS = YES;
				CLANG_WARN_EMPTY_BODY = YES;
				CLANG_WARN_ENUM_CONVERSION = YES;
				CLANG_WARN_INFINITE_RECURSION = YES;
				CLANG_WARN_INT_CONVERSION = YES;
				CLANG_WARN_NON_LITERAL_NULL_CONVERSION = YES;
				CLANG_WARN_OBJC_IMPLICIT_RETAIN_SELF = YES;
				CLANG_WARN_OBJC_LITERAL_CONVERSION = YES;
				CLANG_WARN_OBJC_ROOT_CLASS = YES_ERROR;
				CLANG_WARN_QUOTED_INCLUDE_IN_FRAMEWORK_HEADER = YES;
				CLANG_WARN_RANGE_LOOP_ANALYSIS = YES;
				CLANG_WARN_STRICT_PROTOTYPES = YES;
				CLANG_WARN_SUSPICIOUS_MOVE = YES;
				CLANG_WARN_UNGUARDED_AVAILABILITY = YES_AGGRESSIVE;
				CLANG_WARN_UNREACHABLE_CODE = YES;
				CLANG_WARN__DUPLICATE_METHOD_MATCH = YES;
				COPY_PHASE_STRIP = NO;
				DEBUG_INFORMATION_FORMAT = "dwarf-with-dsym";
				ENABLE_NS_ASSERTIONS = NO;
				ENABLE_STRICT_OBJC_MSGSEND = YES;
				GCC_C_LANGUAGE_STANDARD = gnu11;
				GCC_NO_COMMON_BLOCKS = YES;
				GCC_WARN_64_TO_32_BIT_CONVERSION = YES;
				GCC_WARN_ABOUT_RETURN_TYPE = YES_ERROR;
				GCC_WARN_UNDECLARED_SELECTOR = YES;
				GCC_WARN_UNINITIALIZED_AUTOS = YES_AGGRESSIVE;
				GCC_WARN_UNUSED_FUNCTION = YES;
				GCC_WARN_UNUSED_VARIABLE = YES;
				IPHONEOS_DEPLOYMENT_TARGET = 16.4;
				MTL_ENABLE_DEBUG_INFO = NO;
				MTL_FAST_MATH = YES;
				SDKROOT = iphoneos;
				SWIFT_COMPILATION_MODE = wholemodule;
				SWIFT_OPTIMIZATION_LEVEL = "-O";
				VALIDATE_PRODUCT = YES;
			};
			name = Release;
		};
		B6C37DD92A314107004D18A8 /* Debug */ = {
			isa = XCBuildConfiguration;
			buildSettings = {
				ASSETCATALOG_COMPILER_APPICON_NAME = AppIcon;
				ASSETCATALOG_COMPILER_GLOBAL_ACCENT_COLOR_NAME = AccentColor;
				CODE_SIGN_STYLE = Automatic;
				CURRENT_PROJECT_VERSION = 1;
				DEVELOPMENT_ASSET_PATHS = "\"Animation/Preview Content\"";
				DEVELOPMENT_TEAM = W9DP42NB5D;
				ENABLE_PREVIEWS = YES;
				GENERATE_INFOPLIST_FILE = YES;
				INFOPLIST_KEY_UIApplicationSceneManifest_Generation = YES;
				INFOPLIST_KEY_UIApplicationSupportsIndirectInputEvents = YES;
				INFOPLIST_KEY_UILaunchScreen_Generation = YES;
				INFOPLIST_KEY_UISupportedInterfaceOrientations_iPad = "UIInterfaceOrientationPortrait UIInterfaceOrientationPortraitUpsideDown UIInterfaceOrientationLandscapeLeft UIInterfaceOrientationLandscapeRight";
				INFOPLIST_KEY_UISupportedInterfaceOrientations_iPhone = "UIInterfaceOrientationPortrait UIInterfaceOrientationLandscapeLeft UIInterfaceOrientationLandscapeRight";
				LD_RUNPATH_SEARCH_PATHS = (
					"$(inherited)",
					"@executable_path/Frameworks",
				);
				MARKETING_VERSION = 1.0;
				PRODUCT_BUNDLE_IDENTIFIER = andrepham.Animation;
				PRODUCT_NAME = "$(TARGET_NAME)";
				SWIFT_EMIT_LOC_STRINGS = YES;
				SWIFT_VERSION = 5.0;
				TARGETED_DEVICE_FAMILY = "1,2";
			};
			name = Debug;
		};
		B6C37DDA2A314107004D18A8 /* Release */ = {
			isa = XCBuildConfiguration;
			buildSettings = {
				ASSETCATALOG_COMPILER_APPICON_NAME = AppIcon;
				ASSETCATALOG_COMPILER_GLOBAL_ACCENT_COLOR_NAME = AccentColor;
				CODE_SIGN_STYLE = Automatic;
				CURRENT_PROJECT_VERSION = 1;
				DEVELOPMENT_ASSET_PATHS = "\"Animation/Preview Content\"";
				DEVELOPMENT_TEAM = W9DP42NB5D;
				ENABLE_PREVIEWS = YES;
				GENERATE_INFOPLIST_FILE = YES;
				INFOPLIST_KEY_UIApplicationSceneManifest_Generation = YES;
				INFOPLIST_KEY_UIApplicationSupportsIndirectInputEvents = YES;
				INFOPLIST_KEY_UILaunchScreen_Generation = YES;
				INFOPLIST_KEY_UISupportedInterfaceOrientations_iPad = "UIInterfaceOrientationPortrait UIInterfaceOrientationPortraitUpsideDown UIInterfaceOrientationLandscapeLeft UIInterfaceOrientationLandscapeRight";
				INFOPLIST_KEY_UISupportedInterfaceOrientations_iPhone = "UIInterfaceOrientationPortrait UIInterfaceOrientationLandscapeLeft UIInterfaceOrientationLandscapeRight";
				LD_RUNPATH_SEARCH_PATHS = (
					"$(inherited)",
					"@executable_path/Frameworks",
				);
				MARKETING_VERSION = 1.0;
				PRODUCT_BUNDLE_IDENTIFIER = andrepham.Animation;
				PRODUCT_NAME = "$(TARGET_NAME)";
				SWIFT_EMIT_LOC_STRINGS = YES;
				SWIFT_VERSION = 5.0;
				TARGETED_DEVICE_FAMILY = "1,2";
			};
			name = Release;
		};
		B6C37DDC2A314107004D18A8 /* Debug */ = {
			isa = XCBuildConfiguration;
			buildSettings = {
				ALWAYS_EMBED_SWIFT_STANDARD_LIBRARIES = YES;
				BUNDLE_LOADER = "$(TEST_HOST)";
				CODE_SIGN_STYLE = Automatic;
				CURRENT_PROJECT_VERSION = 1;
				DEVELOPMENT_TEAM = W9DP42NB5D;
				GENERATE_INFOPLIST_FILE = YES;
				IPHONEOS_DEPLOYMENT_TARGET = 16.4;
				MARKETING_VERSION = 1.0;
				PRODUCT_BUNDLE_IDENTIFIER = andrepham.AnimationTests;
				PRODUCT_NAME = "$(TARGET_NAME)";
				SWIFT_EMIT_LOC_STRINGS = NO;
				SWIFT_VERSION = 5.0;
				TARGETED_DEVICE_FAMILY = "1,2";
				TEST_HOST = "$(BUILT_PRODUCTS_DIR)/Animation.app/$(BUNDLE_EXECUTABLE_FOLDER_PATH)/Animation";
			};
			name = Debug;
		};
		B6C37DDD2A314107004D18A8 /* Release */ = {
			isa = XCBuildConfiguration;
			buildSettings = {
				ALWAYS_EMBED_SWIFT_STANDARD_LIBRARIES = YES;
				BUNDLE_LOADER = "$(TEST_HOST)";
				CODE_SIGN_STYLE = Automatic;
				CURRENT_PROJECT_VERSION = 1;
				DEVELOPMENT_TEAM = W9DP42NB5D;
				GENERATE_INFOPLIST_FILE = YES;
				IPHONEOS_DEPLOYMENT_TARGET = 16.4;
				MARKETING_VERSION = 1.0;
				PRODUCT_BUNDLE_IDENTIFIER = andrepham.AnimationTests;
				PRODUCT_NAME = "$(TARGET_NAME)";
				SWIFT_EMIT_LOC_STRINGS = NO;
				SWIFT_VERSION = 5.0;
				TARGETED_DEVICE_FAMILY = "1,2";
				TEST_HOST = "$(BUILT_PRODUCTS_DIR)/Animation.app/$(BUNDLE_EXECUTABLE_FOLDER_PATH)/Animation";
			};
			name = Release;
		};
		B6C37DDF2A314107004D18A8 /* Debug */ = {
			isa = XCBuildConfiguration;
			buildSettings = {
				ALWAYS_EMBED_SWIFT_STANDARD_LIBRARIES = YES;
				CODE_SIGN_STYLE = Automatic;
				CURRENT_PROJECT_VERSION = 1;
				DEVELOPMENT_TEAM = W9DP42NB5D;
				GENERATE_INFOPLIST_FILE = YES;
				MARKETING_VERSION = 1.0;
				PRODUCT_BUNDLE_IDENTIFIER = andrepham.AnimationUITests;
				PRODUCT_NAME = "$(TARGET_NAME)";
				SWIFT_EMIT_LOC_STRINGS = NO;
				SWIFT_VERSION = 5.0;
				TARGETED_DEVICE_FAMILY = "1,2";
				TEST_TARGET_NAME = Animation;
			};
			name = Debug;
		};
		B6C37DE02A314107004D18A8 /* Release */ = {
			isa = XCBuildConfiguration;
			buildSettings = {
				ALWAYS_EMBED_SWIFT_STANDARD_LIBRARIES = YES;
				CODE_SIGN_STYLE = Automatic;
				CURRENT_PROJECT_VERSION = 1;
				DEVELOPMENT_TEAM = W9DP42NB5D;
				GENERATE_INFOPLIST_FILE = YES;
				MARKETING_VERSION = 1.0;
				PRODUCT_BUNDLE_IDENTIFIER = andrepham.AnimationUITests;
				PRODUCT_NAME = "$(TARGET_NAME)";
				SWIFT_EMIT_LOC_STRINGS = NO;
				SWIFT_VERSION = 5.0;
				TARGETED_DEVICE_FAMILY = "1,2";
				TEST_TARGET_NAME = Animation;
			};
			name = Release;
		};
/* End XCBuildConfiguration section */

/* Begin XCConfigurationList section */
		B6C37DAF2A314106004D18A8 /* Build configuration list for PBXProject "Animation" */ = {
			isa = XCConfigurationList;
			buildConfigurations = (
				B6C37DD62A314107004D18A8 /* Debug */,
				B6C37DD72A314107004D18A8 /* Release */,
			);
			defaultConfigurationIsVisible = 0;
			defaultConfigurationName = Release;
		};
		B6C37DD82A314107004D18A8 /* Build configuration list for PBXNativeTarget "Animation" */ = {
			isa = XCConfigurationList;
			buildConfigurations = (
				B6C37DD92A314107004D18A8 /* Debug */,
				B6C37DDA2A314107004D18A8 /* Release */,
			);
			defaultConfigurationIsVisible = 0;
			defaultConfigurationName = Release;
		};
		B6C37DDB2A314107004D18A8 /* Build configuration list for PBXNativeTarget "AnimationTests" */ = {
			isa = XCConfigurationList;
			buildConfigurations = (
				B6C37DDC2A314107004D18A8 /* Debug */,
				B6C37DDD2A314107004D18A8 /* Release */,
			);
			defaultConfigurationIsVisible = 0;
			defaultConfigurationName = Release;
		};
		B6C37DDE2A314107004D18A8 /* Build configuration list for PBXNativeTarget "AnimationUITests" */ = {
			isa = XCConfigurationList;
			buildConfigurations = (
				B6C37DDF2A314107004D18A8 /* Debug */,
				B6C37DE02A314107004D18A8 /* Release */,
			);
			defaultConfigurationIsVisible = 0;
			defaultConfigurationName = Release;
		};
/* End XCConfigurationList section */

/* Begin XCRemoteSwiftPackageReference section */
		B6C37DE72A3144C6004D18A8 /* XCRemoteSwiftPackageReference "SwiftyJSON" */ = {
			isa = XCRemoteSwiftPackageReference;
			repositoryURL = "https://github.com/SwiftyJSON/SwiftyJSON.git";
			requirement = {
				kind = upToNextMajorVersion;
				minimumVersion = 5.0.0;
			};
		};
/* End XCRemoteSwiftPackageReference section */

/* Begin XCSwiftPackageProductDependency section */
		B6C37DE82A3144C6004D18A8 /* SwiftyJSON */ = {
			isa = XCSwiftPackageProductDependency;
			package = B6C37DE72A3144C6004D18A8 /* XCRemoteSwiftPackageReference "SwiftyJSON" */;
			productName = SwiftyJSON;
		};
/* End XCSwiftPackageProductDependency section */
	};
	rootObject = B6C37DAC2A314106004D18A8 /* Project object */;
}
